
Microsoft Visual Studio Solution File, Format Version 12.00
# Visual Studio Version 17
VisualStudioVersion = 17.10.35027.167
MinimumVisualStudioVersion = 10.0.40219.1
Project("{FAE04EC0-301F-11D3-BF4B-00C04F79EFBC}") = "Server", "Server\Server.csproj", "{80142862-3A5D-4E57-89A6-088A21C501F4}"
EndProject
Project("{FAE04EC0-301F-11D3-BF4B-00C04F79EFBC}") = "Client", "Client\Client.csproj", "{42AB93B3-2276-4EA2-9A27-46BD703F83BC}"
EndProject
Global
	GlobalSection(SolutionConfigurationPlatforms) = preSolution
		Debug|Any CPU = Debug|Any CPU
		Release|Any CPU = Release|Any CPU
	EndGlobalSection
	GlobalSection(ProjectConfigurationPlatforms) = postSolution
		{80142862-3A5D-4E57-89A6-088A21C501F4}.Debug|Any CPU.ActiveCfg = Debug|Any CPU
		{80142862-3A5D-4E57-89A6-088A21C501F4}.Debug|Any CPU.Build.0 = Debug|Any CPU
		{80142862-3A5D-4E57-89A6-088A21C501F4}.Release|Any CPU.ActiveCfg = Release|Any CPU
		{80142862-3A5D-4E57-89A6-088A21C501F4}.Release|Any CPU.Build.0 = Release|Any CPU
		{42AB93B3-2276-4EA2-9A27-46BD703F83BC}.Debug|Any CPU.ActiveCfg = Debug|Any CPU
		{42AB93B3-2276-4EA2-9A27-46BD703F83BC}.Debug|Any CPU.Build.0 = Debug|Any CPU
		{42AB93B3-2276-4EA2-9A27-46BD703F83BC}.Release|Any CPU.ActiveCfg = Release|Any CPU
		{42AB93B3-2276-4EA2-9A27-46BD703F83BC}.Release|Any CPU.Build.0 = Release|Any CPU
	EndGlobalSection
	GlobalSection(SolutionProperties) = preSolution
		HideSolutionNode = FALSE
	EndGlobalSection
	GlobalSection(ExtensibilityGlobals) = postSolution
		SolutionGuid = {BD12EC08-C0C2-4099-85DA-E42931570D75}
	EndGlobalSection
EndGlobal
