
Microsoft Visual Studio Solution File, Format Version 12.00
# Visual Studio Version 17
VisualStudioVersion = 17.9.34622.214
MinimumVisualStudioVersion = 10.0.40219.1
Project("{FAE04EC0-301F-11D3-BF4B-00C04F79EFBC}") = "Calculator", "Calculator\Calculator.csproj", "{D92E57D7-20E8-4D4C-830C-6E2DCEE25DD1}"
EndProject
Global
	GlobalSection(SolutionConfigurationPlatforms) = preSolution
		Debug|Any CPU = Debug|Any CPU
		Release|Any CPU = Release|Any CPU
	EndGlobalSection
	GlobalSection(ProjectConfigurationPlatforms) = postSolution
		{D92E57D7-20E8-4D4C-830C-6E2DCEE25DD1}.Debug|Any CPU.ActiveCfg = Debug|Any CPU
		{D92E57D7-20E8-4D4C-830C-6E2DCEE25DD1}.Debug|Any CPU.Build.0 = Debug|Any CPU
		{D92E57D7-20E8-4D4C-830C-6E2DCEE25DD1}.Release|Any CPU.ActiveCfg = Release|Any CPU
		{D92E57D7-20E8-4D4C-830C-6E2DCEE25DD1}.Release|Any CPU.Build.0 = Release|Any CPU
	EndGlobalSection
	GlobalSection(SolutionProperties) = preSolution
		HideSolutionNode = FALSE
	EndGlobalSection
	GlobalSection(ExtensibilityGlobals) = postSolution
		SolutionGuid = {AC4EA9AD-BE0B-4CDC-B815-DB744B5D50EA}
	EndGlobalSection
EndGlobal
