
Microsoft Visual Studio Solution File, Format Version 12.00
# Visual Studio Version 17
VisualStudioVersion = 17.11.35312.102
MinimumVisualStudioVersion = 10.0.40219.1
Project("{FAE04EC0-301F-11D3-BF4B-00C04F79EFBC}") = "LAB1", "LAB1\LAB1.csproj", "{7AA06C5C-9BF7-414A-B353-716CD07E3841}"
EndProject
Project("{2150E333-8FDC-42A3-9474-1A3956D46DE8}") = "Solution Items", "Solution Items", "{2184A3BE-8AD6-4C5E-A374-1394A4957015}"
EndProject
Global
	GlobalSection(SolutionConfigurationPlatforms) = preSolution
		Debug|Any CPU = Debug|Any CPU
		Release|Any CPU = Release|Any CPU
	EndGlobalSection
	GlobalSection(ProjectConfigurationPlatforms) = postSolution
		{7AA06C5C-9BF7-414A-B353-716CD07E3841}.Debug|Any CPU.ActiveCfg = Debug|Any CPU
		{7AA06C5C-9BF7-414A-B353-716CD07E3841}.Debug|Any CPU.Build.0 = Debug|Any CPU
		{7AA06C5C-9BF7-414A-B353-716CD07E3841}.Release|Any CPU.ActiveCfg = Release|Any CPU
		{7AA06C5C-9BF7-414A-B353-716CD07E3841}.Release|Any CPU.Build.0 = Release|Any CPU
	EndGlobalSection
	GlobalSection(SolutionProperties) = preSolution
		HideSolutionNode = FALSE
	EndGlobalSection
	GlobalSection(ExtensibilityGlobals) = postSolution
		SolutionGuid = {A10C09DC-0010-4201-A1F6-DF54F1C4AFE4}
	EndGlobalSection
EndGlobal
