
Microsoft Visual Studio Solution File, Format Version 12.00
# Visual Studio Version 17
VisualStudioVersion = 17.12.35527.113 d17.12
MinimumVisualStudioVersion = 10.0.40219.1
Project("{FAE04EC0-301F-11D3-BF4B-00C04F79EFBC}") = "LAB5_Menu", "LAB5_Menu\LAB5_Menu.csproj", "{29A6E6FE-724C-409F-8FBD-F25307308E9B}"
EndProject
Global
	GlobalSection(SolutionConfigurationPlatforms) = preSolution
		Debug|Any CPU = Debug|Any CPU
		Release|Any CPU = Release|Any CPU
	EndGlobalSection
	GlobalSection(ProjectConfigurationPlatforms) = postSolution
		{29A6E6FE-724C-409F-8FBD-F25307308E9B}.Debug|Any CPU.ActiveCfg = Debug|Any CPU
		{29A6E6FE-724C-409F-8FBD-F25307308E9B}.Debug|Any CPU.Build.0 = Debug|Any CPU
		{29A6E6FE-724C-409F-8FBD-F25307308E9B}.Release|Any CPU.ActiveCfg = Release|Any CPU
		{29A6E6FE-724C-409F-8FBD-F25307308E9B}.Release|Any CPU.Build.0 = Release|Any CPU
	EndGlobalSection
	GlobalSection(SolutionProperties) = preSolution
		HideSolutionNode = FALSE
	EndGlobalSection
EndGlobal
