
Microsoft Visual Studio Solution File, Format Version 12.00
# Visual Studio Version 17
VisualStudioVersion = 17.11.35327.3
MinimumVisualStudioVersion = 10.0.40219.1
Project("{FAE04EC0-301F-11D3-BF4B-00C04F79EFBC}") = "LAB3_Menu", "LAB3_Menu\LAB3_Menu.csproj", "{5B5FA275-8B0B-4B84-B0E4-337E16B6F1B6}"
EndProject
Project("{FAE04EC0-301F-11D3-BF4B-00C04F79EFBC}") = "LAB3_Bai1", "LAB3_Bai1\LAB3_Bai1.csproj", "{CEEE1ECC-2C55-4FCA-B2EB-36AD58644EA7}"
EndProject
Project("{FAE04EC0-301F-11D3-BF4B-00C04F79EFBC}") = "LAB3_Bai2", "LAB3_Bai2\LAB3_Bai2.csproj", "{C30C0BBA-7BE1-4794-8A29-EDCB2DA75F5C}"
EndProject
Project("{FAE04EC0-301F-11D3-BF4B-00C04F79EFBC}") = "LAB3_Bai3", "LAB3_Bai3\LAB3_Bai3.csproj", "{ADA96013-B509-41E0-A6B8-0FD265B445D8}"
EndProject
Project("{FAE04EC0-301F-11D3-BF4B-00C04F79EFBC}") = "LAB3_Bai4", "LAB3_Bai4\LAB3_Bai4.csproj", "{93F8317F-05B0-4A8C-B18A-BB83D796FF4A}"
EndProject
Project("{FAE04EC0-301F-11D3-BF4B-00C04F79EFBC}") = "LAB3_Bai5", "LAB3_Bai5\LAB3_Bai5.csproj", "{7C9E28AB-3164-49EA-A89C-B6C801DD5EE7}"
EndProject
Global
	GlobalSection(SolutionConfigurationPlatforms) = preSolution
		Debug|Any CPU = Debug|Any CPU
		Debug|x64 = Debug|x64
		Debug|x86 = Debug|x86
		Release|Any CPU = Release|Any CPU
		Release|x64 = Release|x64
		Release|x86 = Release|x86
	EndGlobalSection
	GlobalSection(ProjectConfigurationPlatforms) = postSolution
		{5B5FA275-8B0B-4B84-B0E4-337E16B6F1B6}.Debug|Any CPU.ActiveCfg = Debug|Any CPU
		{5B5FA275-8B0B-4B84-B0E4-337E16B6F1B6}.Debug|Any CPU.Build.0 = Debug|Any CPU
		{5B5FA275-8B0B-4B84-B0E4-337E16B6F1B6}.Debug|x64.ActiveCfg = Debug|Any CPU
		{5B5FA275-8B0B-4B84-B0E4-337E16B6F1B6}.Debug|x64.Build.0 = Debug|Any CPU
		{5B5FA275-8B0B-4B84-B0E4-337E16B6F1B6}.Debug|x86.ActiveCfg = Debug|Any CPU
		{5B5FA275-8B0B-4B84-B0E4-337E16B6F1B6}.Debug|x86.Build.0 = Debug|Any CPU
		{5B5FA275-8B0B-4B84-B0E4-337E16B6F1B6}.Release|Any CPU.ActiveCfg = Release|Any CPU
		{5B5FA275-8B0B-4B84-B0E4-337E16B6F1B6}.Release|Any CPU.Build.0 = Release|Any CPU
		{5B5FA275-8B0B-4B84-B0E4-337E16B6F1B6}.Release|x64.ActiveCfg = Release|Any CPU
		{5B5FA275-8B0B-4B84-B0E4-337E16B6F1B6}.Release|x64.Build.0 = Release|Any CPU
		{5B5FA275-8B0B-4B84-B0E4-337E16B6F1B6}.Release|x86.ActiveCfg = Release|Any CPU
		{5B5FA275-8B0B-4B84-B0E4-337E16B6F1B6}.Release|x86.Build.0 = Release|Any CPU
		{CEEE1ECC-2C55-4FCA-B2EB-36AD58644EA7}.Debug|Any CPU.ActiveCfg = Debug|Any CPU
		{CEEE1ECC-2C55-4FCA-B2EB-36AD58644EA7}.Debug|Any CPU.Build.0 = Debug|Any CPU
		{CEEE1ECC-2C55-4FCA-B2EB-36AD58644EA7}.Debug|x64.ActiveCfg = Debug|Any CPU
		{CEEE1ECC-2C55-4FCA-B2EB-36AD58644EA7}.Debug|x64.Build.0 = Debug|Any CPU
		{CEEE1ECC-2C55-4FCA-B2EB-36AD58644EA7}.Debug|x86.ActiveCfg = Debug|Any CPU
		{CEEE1ECC-2C55-4FCA-B2EB-36AD58644EA7}.Debug|x86.Build.0 = Debug|Any CPU
		{CEEE1ECC-2C55-4FCA-B2EB-36AD58644EA7}.Release|Any CPU.ActiveCfg = Release|Any CPU
		{CEEE1ECC-2C55-4FCA-B2EB-36AD58644EA7}.Release|Any CPU.Build.0 = Release|Any CPU
		{CEEE1ECC-2C55-4FCA-B2EB-36AD58644EA7}.Release|x64.ActiveCfg = Release|Any CPU
		{CEEE1ECC-2C55-4FCA-B2EB-36AD58644EA7}.Release|x64.Build.0 = Release|Any CPU
		{CEEE1ECC-2C55-4FCA-B2EB-36AD58644EA7}.Release|x86.ActiveCfg = Release|Any CPU
		{CEEE1ECC-2C55-4FCA-B2EB-36AD58644EA7}.Release|x86.Build.0 = Release|Any CPU
		{C30C0BBA-7BE1-4794-8A29-EDCB2DA75F5C}.Debug|Any CPU.ActiveCfg = Debug|Any CPU
		{C30C0BBA-7BE1-4794-8A29-EDCB2DA75F5C}.Debug|Any CPU.Build.0 = Debug|Any CPU
		{C30C0BBA-7BE1-4794-8A29-EDCB2DA75F5C}.Debug|x64.ActiveCfg = Debug|Any CPU
		{C30C0BBA-7BE1-4794-8A29-EDCB2DA75F5C}.Debug|x64.Build.0 = Debug|Any CPU
		{C30C0BBA-7BE1-4794-8A29-EDCB2DA75F5C}.Debug|x86.ActiveCfg = Debug|Any CPU
		{C30C0BBA-7BE1-4794-8A29-EDCB2DA75F5C}.Debug|x86.Build.0 = Debug|Any CPU
		{C30C0BBA-7BE1-4794-8A29-EDCB2DA75F5C}.Release|Any CPU.ActiveCfg = Release|Any CPU
		{C30C0BBA-7BE1-4794-8A29-EDCB2DA75F5C}.Release|Any CPU.Build.0 = Release|Any CPU
		{C30C0BBA-7BE1-4794-8A29-EDCB2DA75F5C}.Release|x64.ActiveCfg = Release|Any CPU
		{C30C0BBA-7BE1-4794-8A29-EDCB2DA75F5C}.Release|x64.Build.0 = Release|Any CPU
		{C30C0BBA-7BE1-4794-8A29-EDCB2DA75F5C}.Release|x86.ActiveCfg = Release|Any CPU
		{C30C0BBA-7BE1-4794-8A29-EDCB2DA75F5C}.Release|x86.Build.0 = Release|Any CPU
		{ADA96013-B509-41E0-A6B8-0FD265B445D8}.Debug|Any CPU.ActiveCfg = Debug|Any CPU
		{ADA96013-B509-41E0-A6B8-0FD265B445D8}.Debug|Any CPU.Build.0 = Debug|Any CPU
		{ADA96013-B509-41E0-A6B8-0FD265B445D8}.Debug|x64.ActiveCfg = Debug|Any CPU
		{ADA96013-B509-41E0-A6B8-0FD265B445D8}.Debug|x64.Build.0 = Debug|Any CPU
		{ADA96013-B509-41E0-A6B8-0FD265B445D8}.Debug|x86.ActiveCfg = Debug|Any CPU
		{ADA96013-B509-41E0-A6B8-0FD265B445D8}.Debug|x86.Build.0 = Debug|Any CPU
		{ADA96013-B509-41E0-A6B8-0FD265B445D8}.Release|Any CPU.ActiveCfg = Release|Any CPU
		{ADA96013-B509-41E0-A6B8-0FD265B445D8}.Release|Any CPU.Build.0 = Release|Any CPU
		{ADA96013-B509-41E0-A6B8-0FD265B445D8}.Release|x64.ActiveCfg = Release|Any CPU
		{ADA96013-B509-41E0-A6B8-0FD265B445D8}.Release|x64.Build.0 = Release|Any CPU
		{ADA96013-B509-41E0-A6B8-0FD265B445D8}.Release|x86.ActiveCfg = Release|Any CPU
		{ADA96013-B509-41E0-A6B8-0FD265B445D8}.Release|x86.Build.0 = Release|Any CPU
		{93F8317F-05B0-4A8C-B18A-BB83D796FF4A}.Debug|Any CPU.ActiveCfg = Debug|Any CPU
		{93F8317F-05B0-4A8C-B18A-BB83D796FF4A}.Debug|Any CPU.Build.0 = Debug|Any CPU
		{93F8317F-05B0-4A8C-B18A-BB83D796FF4A}.Debug|x64.ActiveCfg = Debug|Any CPU
		{93F8317F-05B0-4A8C-B18A-BB83D796FF4A}.Debug|x64.Build.0 = Debug|Any CPU
		{93F8317F-05B0-4A8C-B18A-BB83D796FF4A}.Debug|x86.ActiveCfg = Debug|Any CPU
		{93F8317F-05B0-4A8C-B18A-BB83D796FF4A}.Debug|x86.Build.0 = Debug|Any CPU
		{93F8317F-05B0-4A8C-B18A-BB83D796FF4A}.Release|Any CPU.ActiveCfg = Release|Any CPU
		{93F8317F-05B0-4A8C-B18A-BB83D796FF4A}.Release|Any CPU.Build.0 = Release|Any CPU
		{93F8317F-05B0-4A8C-B18A-BB83D796FF4A}.Release|x64.ActiveCfg = Release|Any CPU
		{93F8317F-05B0-4A8C-B18A-BB83D796FF4A}.Release|x64.Build.0 = Release|Any CPU
		{93F8317F-05B0-4A8C-B18A-BB83D796FF4A}.Release|x86.ActiveCfg = Release|Any CPU
		{93F8317F-05B0-4A8C-B18A-BB83D796FF4A}.Release|x86.Build.0 = Release|Any CPU
		{7C9E28AB-3164-49EA-A89C-B6C801DD5EE7}.Debug|Any CPU.ActiveCfg = Debug|Any CPU
		{7C9E28AB-3164-49EA-A89C-B6C801DD5EE7}.Debug|Any CPU.Build.0 = Debug|Any CPU
		{7C9E28AB-3164-49EA-A89C-B6C801DD5EE7}.Debug|x64.ActiveCfg = Debug|Any CPU
		{7C9E28AB-3164-49EA-A89C-B6C801DD5EE7}.Debug|x64.Build.0 = Debug|Any CPU
		{7C9E28AB-3164-49EA-A89C-B6C801DD5EE7}.Debug|x86.ActiveCfg = Debug|Any CPU
		{7C9E28AB-3164-49EA-A89C-B6C801DD5EE7}.Debug|x86.Build.0 = Debug|Any CPU
		{7C9E28AB-3164-49EA-A89C-B6C801DD5EE7}.Release|Any CPU.ActiveCfg = Release|Any CPU
		{7C9E28AB-3164-49EA-A89C-B6C801DD5EE7}.Release|Any CPU.Build.0 = Release|Any CPU
		{7C9E28AB-3164-49EA-A89C-B6C801DD5EE7}.Release|x64.ActiveCfg = Release|Any CPU
		{7C9E28AB-3164-49EA-A89C-B6C801DD5EE7}.Release|x64.Build.0 = Release|Any CPU
		{7C9E28AB-3164-49EA-A89C-B6C801DD5EE7}.Release|x86.ActiveCfg = Release|Any CPU
		{7C9E28AB-3164-49EA-A89C-B6C801DD5EE7}.Release|x86.Build.0 = Release|Any CPU
	EndGlobalSection
	GlobalSection(SolutionProperties) = preSolution
		HideSolutionNode = FALSE
	EndGlobalSection
	GlobalSection(ExtensibilityGlobals) = postSolution
		SolutionGuid = {86BCF98C-1E0D-4497-968C-A6A3A2D7B3BF}
	EndGlobalSection
EndGlobal
